
Microsoft Visual Studio Solution File, Format Version 12.00
# Visual Studio 15
VisualStudioVersion = 15.0.27703.2018
MinimumVisualStudioVersion = 10.0.40219.1
Project("{FAE04EC0-301F-11D3-BF4B-00C04F79EFBC}") = "NewProject", "NewProject\NewProject.csproj", "{2C76FB8A-E925-4B35-B854-666B4390C705}"
EndProject
Project("{FAE04EC0-301F-11D3-BF4B-00C04F79EFBC}") = "Data", "Data\Data.csproj", "{4EC9374F-0A5A-47F9-8F2C-5F968352C416}"
EndProject
Project("{FAE04EC0-301F-11D3-BF4B-00C04F79EFBC}") = "ApplicationCore", "ApplicationCore\ApplicationCore.csproj", "{1A527732-65C7-465A-8699-9FBE3867A96B}"
EndProject
Project("{FAE04EC0-301F-11D3-BF4B-00C04F79EFBC}") = "WebApplication1", "WebApplication1\WebApplication1.csproj", "{03AAE792-7EB2-49F9-90D4-1A09F5C7540C}"
EndProject
Global
	GlobalSection(SolutionConfigurationPlatforms) = preSolution
		Debug|Any CPU = Debug|Any CPU
		Release|Any CPU = Release|Any CPU
	EndGlobalSection
	GlobalSection(ProjectConfigurationPlatforms) = postSolution
		{2C76FB8A-E925-4B35-B854-666B4390C705}.Debug|Any CPU.ActiveCfg = Debug|Any CPU
		{2C76FB8A-E925-4B35-B854-666B4390C705}.Debug|Any CPU.Build.0 = Debug|Any CPU
		{2C76FB8A-E925-4B35-B854-666B4390C705}.Release|Any CPU.ActiveCfg = Release|Any CPU
		{2C76FB8A-E925-4B35-B854-666B4390C705}.Release|Any CPU.Build.0 = Release|Any CPU
		{4EC9374F-0A5A-47F9-8F2C-5F968352C416}.Debug|Any CPU.ActiveCfg = Debug|Any CPU
		{4EC9374F-0A5A-47F9-8F2C-5F968352C416}.Debug|Any CPU.Build.0 = Debug|Any CPU
		{4EC9374F-0A5A-47F9-8F2C-5F968352C416}.Release|Any CPU.ActiveCfg = Release|Any CPU
		{4EC9374F-0A5A-47F9-8F2C-5F968352C416}.Release|Any CPU.Build.0 = Release|Any CPU
		{1A527732-65C7-465A-8699-9FBE3867A96B}.Debug|Any CPU.ActiveCfg = Debug|Any CPU
		{1A527732-65C7-465A-8699-9FBE3867A96B}.Debug|Any CPU.Build.0 = Debug|Any CPU
		{1A527732-65C7-465A-8699-9FBE3867A96B}.Release|Any CPU.ActiveCfg = Release|Any CPU
		{1A527732-65C7-465A-8699-9FBE3867A96B}.Release|Any CPU.Build.0 = Release|Any CPU
		{03AAE792-7EB2-49F9-90D4-1A09F5C7540C}.Debug|Any CPU.ActiveCfg = Debug|Any CPU
		{03AAE792-7EB2-49F9-90D4-1A09F5C7540C}.Debug|Any CPU.Build.0 = Debug|Any CPU
		{03AAE792-7EB2-49F9-90D4-1A09F5C7540C}.Release|Any CPU.ActiveCfg = Release|Any CPU
		{03AAE792-7EB2-49F9-90D4-1A09F5C7540C}.Release|Any CPU.Build.0 = Release|Any CPU
	EndGlobalSection
	GlobalSection(SolutionProperties) = preSolution
		HideSolutionNode = FALSE
	EndGlobalSection
	GlobalSection(ExtensibilityGlobals) = postSolution
		SolutionGuid = {BC46A078-291A-4DF2-9249-25C1509B758E}
	EndGlobalSection
EndGlobal
